
Microsoft Visual Studio Solution File, Format Version 12.00
# Visual Studio 15
VisualStudioVersion = 15.0.26430.13
MinimumVisualStudioVersion = 10.0.40219.1
Project("{FAE04EC0-301F-11D3-BF4B-00C04F79EFBC}") = "TweetQuery", "TweetQuery\TweetQuery.csproj", "{EF9C89AA-0012-4D88-B00A-14D87E554396}"
EndProject
Project("{FAE04EC0-301F-11D3-BF4B-00C04F79EFBC}") = "TweetSearch", "TweetSearch\TweetSearch.csproj", "{E6D3843A-561C-4A02-A3BB-0A75FC05C388}"
EndProject
Project("{FAE04EC0-301F-11D3-BF4B-00C04F79EFBC}") = "TweetSearch.CosmosDb", "TweetSearch.CosmosDb\TweetSearch.CosmosDb.csproj", "{E9C4A0E2-E21B-49DE-8F45-279BCAFBA192}"
EndProject
Global
	GlobalSection(SolutionConfigurationPlatforms) = preSolution
		Debug|Any CPU = Debug|Any CPU
		Release|Any CPU = Release|Any CPU
	EndGlobalSection
	GlobalSection(ProjectConfigurationPlatforms) = postSolution
		{EF9C89AA-0012-4D88-B00A-14D87E554396}.Debug|Any CPU.ActiveCfg = Debug|Any CPU
		{EF9C89AA-0012-4D88-B00A-14D87E554396}.Debug|Any CPU.Build.0 = Debug|Any CPU
		{EF9C89AA-0012-4D88-B00A-14D87E554396}.Release|Any CPU.ActiveCfg = Release|Any CPU
		{EF9C89AA-0012-4D88-B00A-14D87E554396}.Release|Any CPU.Build.0 = Release|Any CPU
		{E6D3843A-561C-4A02-A3BB-0A75FC05C388}.Debug|Any CPU.ActiveCfg = Debug|Any CPU
		{E6D3843A-561C-4A02-A3BB-0A75FC05C388}.Debug|Any CPU.Build.0 = Debug|Any CPU
		{E6D3843A-561C-4A02-A3BB-0A75FC05C388}.Release|Any CPU.ActiveCfg = Release|Any CPU
		{E6D3843A-561C-4A02-A3BB-0A75FC05C388}.Release|Any CPU.Build.0 = Release|Any CPU
		{E9C4A0E2-E21B-49DE-8F45-279BCAFBA192}.Debug|Any CPU.ActiveCfg = Debug|Any CPU
		{E9C4A0E2-E21B-49DE-8F45-279BCAFBA192}.Debug|Any CPU.Build.0 = Debug|Any CPU
		{E9C4A0E2-E21B-49DE-8F45-279BCAFBA192}.Release|Any CPU.ActiveCfg = Release|Any CPU
		{E9C4A0E2-E21B-49DE-8F45-279BCAFBA192}.Release|Any CPU.Build.0 = Release|Any CPU
	EndGlobalSection
	GlobalSection(SolutionProperties) = preSolution
		HideSolutionNode = FALSE
	EndGlobalSection
EndGlobal
